
Microsoft Visual Studio Solution File, Format Version 12.00
# Visual Studio Version 16
VisualStudioVersion = 16.0.29926.136
MinimumVisualStudioVersion = 10.0.40219.1
Project("{FAE04EC0-301F-11D3-BF4B-00C04F79EFBC}") = "Graphs", "Graphs\Graphs.csproj", "{29E7EC24-7435-4934-910B-A930417F9FAA}"
EndProject
Global
	GlobalSection(SolutionConfigurationPlatforms) = preSolution
		Debug|Any CPU = Debug|Any CPU
		Release|Any CPU = Release|Any CPU
	EndGlobalSection
	GlobalSection(ProjectConfigurationPlatforms) = postSolution
		{29E7EC24-7435-4934-910B-A930417F9FAA}.Debug|Any CPU.ActiveCfg = Debug|Any CPU
		{29E7EC24-7435-4934-910B-A930417F9FAA}.Debug|Any CPU.Build.0 = Debug|Any CPU
		{29E7EC24-7435-4934-910B-A930417F9FAA}.Release|Any CPU.ActiveCfg = Release|Any CPU
		{29E7EC24-7435-4934-910B-A930417F9FAA}.Release|Any CPU.Build.0 = Release|Any CPU
	EndGlobalSection
	GlobalSection(SolutionProperties) = preSolution
		HideSolutionNode = FALSE
	EndGlobalSection
	GlobalSection(ExtensibilityGlobals) = postSolution
		SolutionGuid = {C9DE873C-F994-4462-AACF-15A2FE0E422B}
	EndGlobalSection
EndGlobal
